
Microsoft Visual Studio Solution File, Format Version 12.00
# Visual Studio Version 16
VisualStudioVersion = 16.0.30011.22
MinimumVisualStudioVersion = 10.0.40219.1
Project("{FAE04EC0-301F-11D3-BF4B-00C04F79EFBC}") = "SamTech.Exam.Web", "SamTech.Exam.Web\SamTech.Exam.Web.csproj", "{4E9958D5-BA62-4525-8F0C-443DC86DED46}"
EndProject
Project("{FAE04EC0-301F-11D3-BF4B-00C04F79EFBC}") = "SamTech.Exam.Framework", "SamTech.Exam.Framework\SamTech.Exam.Framework.csproj", "{5C5F2361-BEEB-4D5D-B461-E250A3CCF0B0}"
EndProject
Project("{FAE04EC0-301F-11D3-BF4B-00C04F79EFBC}") = "SamTech.Exam.Data", "SamTech.Exam.Data\SamTech.Exam.Data.csproj", "{5085D3D0-6692-476B-9D0F-A98D6FFBC5AF}"
EndProject
Global
	GlobalSection(SolutionConfigurationPlatforms) = preSolution
		Debug|Any CPU = Debug|Any CPU
		Release|Any CPU = Release|Any CPU
	EndGlobalSection
	GlobalSection(ProjectConfigurationPlatforms) = postSolution
		{4E9958D5-BA62-4525-8F0C-443DC86DED46}.Debug|Any CPU.ActiveCfg = Debug|Any CPU
		{4E9958D5-BA62-4525-8F0C-443DC86DED46}.Debug|Any CPU.Build.0 = Debug|Any CPU
		{4E9958D5-BA62-4525-8F0C-443DC86DED46}.Release|Any CPU.ActiveCfg = Release|Any CPU
		{4E9958D5-BA62-4525-8F0C-443DC86DED46}.Release|Any CPU.Build.0 = Release|Any CPU
		{5C5F2361-BEEB-4D5D-B461-E250A3CCF0B0}.Debug|Any CPU.ActiveCfg = Debug|Any CPU
		{5C5F2361-BEEB-4D5D-B461-E250A3CCF0B0}.Debug|Any CPU.Build.0 = Debug|Any CPU
		{5C5F2361-BEEB-4D5D-B461-E250A3CCF0B0}.Release|Any CPU.ActiveCfg = Release|Any CPU
		{5C5F2361-BEEB-4D5D-B461-E250A3CCF0B0}.Release|Any CPU.Build.0 = Release|Any CPU
		{5085D3D0-6692-476B-9D0F-A98D6FFBC5AF}.Debug|Any CPU.ActiveCfg = Debug|Any CPU
		{5085D3D0-6692-476B-9D0F-A98D6FFBC5AF}.Debug|Any CPU.Build.0 = Debug|Any CPU
		{5085D3D0-6692-476B-9D0F-A98D6FFBC5AF}.Release|Any CPU.ActiveCfg = Release|Any CPU
		{5085D3D0-6692-476B-9D0F-A98D6FFBC5AF}.Release|Any CPU.Build.0 = Release|Any CPU
	EndGlobalSection
	GlobalSection(SolutionProperties) = preSolution
		HideSolutionNode = FALSE
	EndGlobalSection
	GlobalSection(ExtensibilityGlobals) = postSolution
		SolutionGuid = {0F1B2186-87C4-48D5-9D9F-73B4540EF93F}
	EndGlobalSection
EndGlobal
